
Microsoft Visual Studio Solution File, Format Version 12.00
# Visual Studio Version 17
VisualStudioVersion = 17.11.35222.181
MinimumVisualStudioVersion = 10.0.40219.1
Project("{8BC9CEB8-8B4A-11D0-8D11-00A0C91BC942}") = "lab_3.0", "lab_3.0\lab_3.0.vcxproj", "{4C72200E-45EE-4D24-A4B0-47B1D3DAB573}"
EndProject
Global
	GlobalSection(SolutionConfigurationPlatforms) = preSolution
		Debug|x64 = Debug|x64
		Debug|x86 = Debug|x86
		Release|x64 = Release|x64
		Release|x86 = Release|x86
	EndGlobalSection
	GlobalSection(ProjectConfigurationPlatforms) = postSolution
		{4C72200E-45EE-4D24-A4B0-47B1D3DAB573}.Debug|x64.ActiveCfg = Debug|x64
		{4C72200E-45EE-4D24-A4B0-47B1D3DAB573}.Debug|x64.Build.0 = Debug|x64
		{4C72200E-45EE-4D24-A4B0-47B1D3DAB573}.Debug|x86.ActiveCfg = Debug|Win32
		{4C72200E-45EE-4D24-A4B0-47B1D3DAB573}.Debug|x86.Build.0 = Debug|Win32
		{4C72200E-45EE-4D24-A4B0-47B1D3DAB573}.Release|x64.ActiveCfg = Release|x64
		{4C72200E-45EE-4D24-A4B0-47B1D3DAB573}.Release|x64.Build.0 = Release|x64
		{4C72200E-45EE-4D24-A4B0-47B1D3DAB573}.Release|x86.ActiveCfg = Release|Win32
		{4C72200E-45EE-4D24-A4B0-47B1D3DAB573}.Release|x86.Build.0 = Release|Win32
	EndGlobalSection
	GlobalSection(SolutionProperties) = preSolution
		HideSolutionNode = FALSE
	EndGlobalSection
	GlobalSection(ExtensibilityGlobals) = postSolution
		SolutionGuid = {F87C1147-0D51-455E-B099-0489DF98762D}
	EndGlobalSection
EndGlobal
