
Microsoft Visual Studio Solution File, Format Version 12.00
# Visual Studio Version 17
VisualStudioVersion = 17.11.35222.181
MinimumVisualStudioVersion = 10.0.40219.1
Project("{8BC9CEB8-8B4A-11D0-8D11-00A0C91BC942}") = "lan_05.1", "lan_05.1\lan_05.1.vcxproj", "{D4D7DDF5-C2FF-4EAF-93BC-2DD3216D9EAD}"
EndProject
Project("{8BC9CEB8-8B4A-11D0-8D11-00A0C91BC942}") = "UnitTest1", "UnitTest1\UnitTest1.vcxproj", "{0EE79BEF-BCD3-4AC7-A0D0-37DF786FE94C}"
EndProject
Global
	GlobalSection(SolutionConfigurationPlatforms) = preSolution
		Debug|x64 = Debug|x64
		Debug|x86 = Debug|x86
		Release|x64 = Release|x64
		Release|x86 = Release|x86
	EndGlobalSection
	GlobalSection(ProjectConfigurationPlatforms) = postSolution
		{D4D7DDF5-C2FF-4EAF-93BC-2DD3216D9EAD}.Debug|x64.ActiveCfg = Debug|x64
		{D4D7DDF5-C2FF-4EAF-93BC-2DD3216D9EAD}.Debug|x64.Build.0 = Debug|x64
		{D4D7DDF5-C2FF-4EAF-93BC-2DD3216D9EAD}.Debug|x86.ActiveCfg = Debug|Win32
		{D4D7DDF5-C2FF-4EAF-93BC-2DD3216D9EAD}.Debug|x86.Build.0 = Debug|Win32
		{D4D7DDF5-C2FF-4EAF-93BC-2DD3216D9EAD}.Release|x64.ActiveCfg = Release|x64
		{D4D7DDF5-C2FF-4EAF-93BC-2DD3216D9EAD}.Release|x64.Build.0 = Release|x64
		{D4D7DDF5-C2FF-4EAF-93BC-2DD3216D9EAD}.Release|x86.ActiveCfg = Release|Win32
		{D4D7DDF5-C2FF-4EAF-93BC-2DD3216D9EAD}.Release|x86.Build.0 = Release|Win32
		{0EE79BEF-BCD3-4AC7-A0D0-37DF786FE94C}.Debug|x64.ActiveCfg = Debug|x64
		{0EE79BEF-BCD3-4AC7-A0D0-37DF786FE94C}.Debug|x64.Build.0 = Debug|x64
		{0EE79BEF-BCD3-4AC7-A0D0-37DF786FE94C}.Debug|x86.ActiveCfg = Debug|Win32
		{0EE79BEF-BCD3-4AC7-A0D0-37DF786FE94C}.Debug|x86.Build.0 = Debug|Win32
		{0EE79BEF-BCD3-4AC7-A0D0-37DF786FE94C}.Release|x64.ActiveCfg = Release|x64
		{0EE79BEF-BCD3-4AC7-A0D0-37DF786FE94C}.Release|x64.Build.0 = Release|x64
		{0EE79BEF-BCD3-4AC7-A0D0-37DF786FE94C}.Release|x86.ActiveCfg = Release|Win32
		{0EE79BEF-BCD3-4AC7-A0D0-37DF786FE94C}.Release|x86.Build.0 = Release|Win32
	EndGlobalSection
	GlobalSection(SolutionProperties) = preSolution
		HideSolutionNode = FALSE
	EndGlobalSection
	GlobalSection(ExtensibilityGlobals) = postSolution
		SolutionGuid = {044811B9-29FA-46B2-AB0A-7C86E32B71FD}
	EndGlobalSection
EndGlobal
